
Microsoft Visual Studio Solution File, Format Version 12.00
# Visual Studio Version 16
VisualStudioVersion = 16.0.29905.134
MinimumVisualStudioVersion = 10.0.40219.1
Project("{FAE04EC0-301F-11D3-BF4B-00C04F79EFBC}") = "WDSMVC", "WDSMVC.csproj", "{D331E3F3-25B3-473E-A44B-3BA7AE900D01}"
EndProject
Global
	GlobalSection(SolutionConfigurationPlatforms) = preSolution
		Debug|Any CPU = Debug|Any CPU
		Release|Any CPU = Release|Any CPU
	EndGlobalSection
	GlobalSection(ProjectConfigurationPlatforms) = postSolution
		{D331E3F3-25B3-473E-A44B-3BA7AE900D01}.Debug|Any CPU.ActiveCfg = Debug|Any CPU
		{D331E3F3-25B3-473E-A44B-3BA7AE900D01}.Debug|Any CPU.Build.0 = Debug|Any CPU
		{D331E3F3-25B3-473E-A44B-3BA7AE900D01}.Release|Any CPU.ActiveCfg = Release|Any CPU
		{D331E3F3-25B3-473E-A44B-3BA7AE900D01}.Release|Any CPU.Build.0 = Release|Any CPU
	EndGlobalSection
	GlobalSection(SolutionProperties) = preSolution
		HideSolutionNode = FALSE
	EndGlobalSection
	GlobalSection(ExtensibilityGlobals) = postSolution
		SolutionGuid = {B5C4595A-6A10-4AB8-ACE2-4536AD8DE564}
	EndGlobalSection
EndGlobal
